[[package]]
name = "gensim"
version = "4.2.0"
description = "Python framework for fast Vector Space Modelling"
category = "main"
optional = false
python-versions = ">=3.6"

[package.dependencies]
numpy = ">=1.17.0"
scipy = ">=0.18.1"
smart-open = ">=1.8.1"

[package.extras]
distributed = ["Pyro4 (>=4.27)"]
docs = ["Pyro4", "Pyro4 (>=4.27)", "annoy", "cython", "matplotlib", "memory-profiler", "mock", "nltk", "nmslib", "pandas", "pyemd", "pytest", "pytest-cov", "sphinx", "sphinx-gallery", "sphinxcontrib-napoleon", "sphinxcontrib.programoutput", "statsmodels", "testfixtures", "visdom (>=0.1.8,!=0.1.8.7)"]
test = ["cython", "mock", "nmslib", "pyemd", "pytest", "pytest-cov", "testfixtures", "visdom (>=0.1.8,!=0.1.8.7)"]
test-win = ["cython", "mock", "nmslib", "pyemd", "pytest", "pytest-cov", "testfixtures"]

[[package]]
name = "joblib"
version = "1.2.0"
description = "Lightweight pipelining with Python functions"
category = "main"
optional = false
python-versions = ">=3.7"

[[package]]
name = "numpy"
version = "1.23.5"
description = "NumPy is the fundamental package for array computing with Python."
category = "main"
optional = false
python-versions = ">=3.8"

[[package]]
name = "scikit-learn"
version = "1.1.3"
description = "A set of python modules for machine learning and data mining"
category = "main"
optional = false
python-versions = ">=3.8"

[package.dependencies]
joblib = ">=1.0.0"
numpy = ">=1.17.3"
scipy = ">=1.3.2"
threadpoolctl = ">=2.0.0"

[package.extras]
benchmark = ["matplotlib (>=3.1.2)", "memory-profiler (>=0.57.0)", "pandas (>=1.0.5)"]
docs = ["Pillow (>=7.1.2)", "matplotlib (>=3.1.2)", "memory-profiler (>=0.57.0)", "numpydoc (>=1.2.0)", "pandas (>=1.0.5)", "scikit-image (>=0.16.2)", "seaborn (>=0.9.0)", "sphinx (>=4.0.1)", "sphinx-gallery (>=0.7.0)", "sphinx-prompt (>=1.3.0)", "sphinxext-opengraph (>=0.4.2)"]
examples = ["matplotlib (>=3.1.2)", "pandas (>=1.0.5)", "scikit-image (>=0.16.2)", "seaborn (>=0.9.0)"]
tests = ["black (>=22.3.0)", "flake8 (>=3.8.2)", "matplotlib (>=3.1.2)", "mypy (>=0.961)", "numpydoc (>=1.2.0)", "pandas (>=1.0.5)", "pyamg (>=4.0.0)", "pytest (>=5.0.1)", "pytest-cov (>=2.9.0)", "scikit-image (>=0.16.2)"]

[[package]]
name = "scipy"
version = "1.9.3"
description = "Fundamental algorithms for scientific computing in Python"
category = "main"
optional = false
python-versions = ">=3.8"

[package.dependencies]
numpy = ">=1.18.5,<1.26.0"

[package.extras]
dev = ["flake8", "mypy", "pycodestyle", "typing_extensions"]
doc = ["matplotlib (>2)", "numpydoc", "pydata-sphinx-theme (==0.9.0)", "sphinx (!=4.1.0)", "sphinx-panels (>=0.5.2)", "sphinx-tabs"]
test = ["asv", "gmpy2", "mpmath", "pytest", "pytest-cov", "pytest-xdist", "scikit-umfpack", "threadpoolctl"]

[[package]]
name = "smart-open"
version = "6.2.0"
description = "Utils for streaming large files (S3, HDFS, GCS, Azure Blob Storage, gzip, bz2...)"
category = "main"
optional = false
python-versions = ">=3.6,<4.0"

[package.extras]
all = ["azure-common", "azure-core", "azure-storage-blob", "boto3", "google-cloud-storage (>=1.31.0)", "requests"]
azure = ["azure-common", "azure-core", "azure-storage-blob"]
gcs = ["google-cloud-storage (>=1.31.0)"]
http = ["requests"]
s3 = ["boto3"]
test = ["azure-common", "azure-core", "azure-storage-blob", "boto3", "google-cloud-storage (>=1.31.0)", "moto[server]", "paramiko", "pathlib2", "pytest", "pytest-rerunfailures", "requests", "responses"]
webhdfs = ["requests"]

[[package]]
name = "threadpoolctl"
version = "3.1.0"
description = "threadpoolctl"
category = "main"
optional = false
python-versions = ">=3.6"

[metadata]
lock-version = "1.1"
python-versions = "^3.10"
content-hash = "74e35f2eab18ec463c0ec546a62b28463e232e14d5260487011bfa2872e88f98"

[metadata.files]
gensim = [
    {file = "gensim-4.2.0-cp310-cp310-macosx_10_9_universal2.whl", hash = "sha256:de68cdee678e63500c832cc17ed768c0fc22550f63782201a50f319a4a6fc385"},
    {file = "gensim-4.2.0-cp310-cp310-manylinux_2_17_x86_64.manylinux2014_x86_64.whl", hash = "sha256:4e06f177e537af25e219f6e42f50f78687754fd20aa3a8335fe3103636f747df"},
    {file = "gensim-4.2.0-cp310-cp310-win_amd64.whl", hash = "sha256:f1b59d3559fab86df1e046882531ecc9a653689cf6effb1b089cd3adfc7ec57c"},
    {file = "gensim-4.2.0-cp37-cp37m-macosx_10_9_x86_64.whl", hash = "sha256:1ae06b2d70ed09ba1051b7f37ee142b695c183fd18f2dddb3362379d6dc33d73"},
    {file = "gensim-4.2.0-cp37-cp37m-manylinux_2_12_x86_64.manylinux2010_x86_64.whl", hash = "sha256:cccf80d032dac1d6be8de06a8c8ed763496acda8c37e5c9a9d19c712f16d8fd3"},
    {file = "gensim-4.2.0-cp37-cp37m-manylinux_2_17_aarch64.manylinux2014_aarch64.whl", hash = "sha256:84a06822c0ad1285f4e8630df5e618e8e2f67eb5edb571fa907433856911f42b"},
    {file = "gensim-4.2.0-cp37-cp37m-win_amd64.whl", hash = "sha256:662e755a179a4042d1a3c3c39d80479f50fc09b7e1c5df2e40276ec75c8311d2"},
    {file = "gensim-4.2.0-cp38-cp38-macosx_10_9_x86_64.whl", hash = "sha256:bad35d595e5a37b2f082985b31dbd01024949a9b3d4f69f80e54d990e90721ad"},
    {file = "gensim-4.2.0-cp38-cp38-manylinux_2_12_x86_64.manylinux2010_x86_64.whl", hash = "sha256:db1bc49dccc3815fa58bddc9e1f953354a131ab510d72fd8af58e9c749bb695e"},
    {file = "gensim-4.2.0-cp38-cp38-manylinux_2_17_aarch64.manylinux2014_aarch64.whl", hash = "sha256:636cd376e647200bbc37694541c078a64ce2ddfa70a6cbaafd55de800731000b"},
    {file = "gensim-4.2.0-cp38-cp38-win_amd64.whl", hash = "sha256:f8199bc532ea041a35c360c65ce418a4730c813fd300a433fd9a3d89b4bb6f1d"},
    {file = "gensim-4.2.0-cp39-cp39-macosx_10_9_x86_64.whl", hash = "sha256:4ebc8ec9cccae2d063cef240825658f050c5ad6fd2c81eecc84765f7a87b58ba"},
    {file = "gensim-4.2.0-cp39-cp39-manylinux_2_12_x86_64.manylinux2010_x86_64.whl", hash = "sha256:ec8c5917ec36cfffbe8688af60f444f9e8fa01a3032fb75c50df212772db257f"},
    {file = "gensim-4.2.0-cp39-cp39-manylinux_2_17_aarch64.manylinux2014_aarch64.whl", hash = "sha256:edb70625065c5d170205cbf108bb01a9fce9487182fdeb2724ce0674ab98a244"},
    {file = "gensim-4.2.0-cp39-cp39-win_amd64.whl", hash = "sha256:8ff2c9e8e7470701b26b994d29fdf4d77bb3b290b6303dee61859a776bfeeeee"},
    {file = "gensim-4.2.0.tar.gz", hash = "sha256:995ebd2970a31d47c100aaac10212f47e2bf12e2b06536d38883c951ff34eef1"},
]
joblib = [
    {file = "joblib-1.2.0-py3-none-any.whl", hash = "sha256:091138ed78f800342968c523bdde947e7a305b8594b910a0fea2ab83c3c6d385"},
    {file = "joblib-1.2.0.tar.gz", hash = "sha256:e1cee4a79e4af22881164f218d4311f60074197fb707e082e803b61f6d137018"},
]
numpy = [
    {file = "numpy-1.23.5-cp310-cp310-macosx_10_9_x86_64.whl", hash = "sha256:9c88793f78fca17da0145455f0d7826bcb9f37da4764af27ac945488116efe63"},
    {file = "numpy-1.23.5-cp310-cp310-macosx_11_0_arm64.whl", hash = "sha256:e9f4c4e51567b616be64e05d517c79a8a22f3606499941d97bb76f2ca59f982d"},
    {file = "numpy-1.23.5-cp310-cp310-manylinux_2_17_aarch64.manylinux2014_aarch64.whl", hash = "sha256:7903ba8ab592b82014713c491f6c5d3a1cde5b4a3bf116404e08f5b52f6daf43"},
    {file = "numpy-1.23.5-cp310-cp310-manylinux_2_17_x86_64.manylinux2014_x86_64.whl", hash = "sha256:5e05b1c973a9f858c74367553e236f287e749465f773328c8ef31abe18f691e1"},
    {file = "numpy-1.23.5-cp310-cp310-win32.whl", hash = "sha256:522e26bbf6377e4d76403826ed689c295b0b238f46c28a7251ab94716da0b280"},
    {file = "numpy-1.23.5-cp310-cp310-win_amd64.whl", hash = "sha256:dbee87b469018961d1ad79b1a5d50c0ae850000b639bcb1b694e9981083243b6"},
    {file = "numpy-1.23.5-cp311-cp311-macosx_10_9_x86_64.whl", hash = "sha256:ce571367b6dfe60af04e04a1834ca2dc5f46004ac1cc756fb95319f64c095a96"},
    {file = "numpy-1.23.5-cp311-cp311-macosx_11_0_arm64.whl", hash = "sha256:56e454c7833e94ec9769fa0f86e6ff8e42ee38ce0ce1fa4cbb747ea7e06d56aa"},
    {file = "numpy-1.23.5-cp311-cp311-manylinux_2_17_aarch64.manylinux2014_aarch64.whl", hash = "sha256:5039f55555e1eab31124a5768898c9e22c25a65c1e0037f4d7c495a45778c9f2"},
    {file = "numpy-1.23.5-cp311-cp311-manylinux_2_17_x86_64.manylinux2014_x86_64.whl", hash = "sha256:58f545efd1108e647604a1b5aa809591ccd2540f468a880bedb97247e72db387"},
    {file = "numpy-1.23.5-cp311-cp311-win32.whl", hash = "sha256:b2a9ab7c279c91974f756c84c365a669a887efa287365a8e2c418f8b3ba73fb0"},
    {file = "numpy-1.23.5-cp311-cp311-win_amd64.whl", hash = "sha256:0cbe9848fad08baf71de1a39e12d1b6310f1d5b2d0ea4de051058e6e1076852d"},
    {file = "numpy-1.23.5-cp38-cp38-macosx_10_9_x86_64.whl", hash = "sha256:f063b69b090c9d918f9df0a12116029e274daf0181df392839661c4c7ec9018a"},
    {file = "numpy-1.23.5-cp38-cp38-macosx_11_0_arm64.whl", hash = "sha256:0aaee12d8883552fadfc41e96b4c82ee7d794949e2a7c3b3a7201e968c7ecab9"},
    {file = "numpy-1.23.5-cp38-cp38-manylinux_2_17_aarch64.manylinux2014_aarch64.whl", hash = "sha256:92c8c1e89a1f5028a4c6d9e3ccbe311b6ba53694811269b992c0b224269e2398"},
    {file = "numpy-1.23.5-cp38-cp38-manylinux_2_17_x86_64.manylinux2014_x86_64.whl", hash = "sha256:d208a0f8729f3fb790ed18a003f3a57895b989b40ea4dce4717e9cf4af62c6bb"},
    {file = "numpy-1.23.5-cp38-cp38-win32.whl", hash = "sha256:06005a2ef6014e9956c09ba07654f9837d9e26696a0470e42beedadb78c11b07"},
    {file = "numpy-1.23.5-cp38-cp38-win_amd64.whl", hash = "sha256:ca51fcfcc5f9354c45f400059e88bc09215fb71a48d3768fb80e357f3b457e1e"},
    {file = "numpy-1.23.5-cp39-cp39-macosx_10_9_x86_64.whl", hash = "sha256:8969bfd28e85c81f3f94eb4a66bc2cf1dbdc5c18efc320af34bffc54d6b1e38f"},
    {file = "numpy-1.23.5-cp39-cp39-macosx_11_0_arm64.whl", hash = "sha256:a7ac231a08bb37f852849bbb387a20a57574a97cfc7b6cabb488a4fc8be176de"},
    {file = "numpy-1.23.5-cp39-cp39-manylinux_2_17_aarch64.manylinux2014_aarch64.whl", hash = "sha256:bf837dc63ba5c06dc8797c398db1e223a466c7ece27a1f7b5232ba3466aafe3d"},
    {file = "numpy-1.23.5-cp39-cp39-manylinux_2_17_x86_64.manylinux2014_x86_64.whl", hash = "sha256:33161613d2269025873025b33e879825ec7b1d831317e68f4f2f0f84ed14c719"},
    {file = "numpy-1.23.5-cp39-cp39-win32.whl", hash = "sha256:af1da88f6bc3d2338ebbf0e22fe487821ea4d8e89053e25fa59d1d79786e7481"},
    {file = "numpy-1.23.5-cp39-cp39-win_amd64.whl", hash = "sha256:09b7847f7e83ca37c6e627682f145856de331049013853f344f37b0c9690e3df"},
    {file = "numpy-1.23.5-pp38-pypy38_pp73-macosx_10_9_x86_64.whl", hash = "sha256:abdde9f795cf292fb9651ed48185503a2ff29be87770c3b8e2a14b0cd7aa16f8"},
    {file = "numpy-1.23.5-pp38-pypy38_pp73-manylinux_2_17_x86_64.manylinux2014_x86_64.whl", hash = "sha256:f9a909a8bae284d46bbfdefbdd4a262ba19d3bc9921b1e76126b1d21c3c34135"},
    {file = "numpy-1.23.5-pp38-pypy38_pp73-win_amd64.whl", hash = "sha256:01dd17cbb340bf0fc23981e52e1d18a9d4050792e8fb8363cecbf066a84b827d"},
    {file = "numpy-1.23.5.tar.gz", hash = "sha256:1b1766d6f397c18153d40015ddfc79ddb715cabadc04d2d228d4e5a8bc4ded1a"},
]
scikit-learn = [
    {file = "scikit-learn-1.1.3.tar.gz", hash = "sha256:bef51978a51ec19977700fe7b86aecea49c825884f3811756b74a3b152bb4e35"},
    {file = "scikit_learn-1.1.3-cp310-cp310-macosx_10_9_x86_64.whl", hash = "sha256:8e9dd76c7274055d1acf4526b8efb16a3531c26dcda714a0c16da99bf9d41900"},
    {file = "scikit_learn-1.1.3-cp310-cp310-macosx_12_0_arm64.whl", hash = "sha256:ee47f68d973cee7009f06edb956f2f5588a0f230f24a2a70175fd0ecf36e2653"},
    {file = "scikit_learn-1.1.3-cp310-cp310-manylinux_2_17_aarch64.manylinux2014_aarch64.whl", hash = "sha256:da5a2e95fef9805b1750e4abda4e834bf8835d26fc709a391543b53feee7bd0e"},
    {file = "scikit_learn-1.1.3-cp310-cp310-manylinux_2_17_x86_64.manylinux2014_x86_64.whl", hash = "sha256:701181792a28c82fecae12adb5d15d0ecf57bffab7cf4bdbb52c7b3fd428d540"},
    {file = "scikit_learn-1.1.3-cp310-cp310-win_amd64.whl", hash = "sha256:30e27721adc308e8fd9f419f43068e43490005f911edf4476a9e585059fa8a83"},
    {file = "scikit_learn-1.1.3-cp311-cp311-macosx_10_9_x86_64.whl", hash = "sha256:5699cded6c0685426433c7e5afe0fecad80ec831ec7fa264940e50c796775cc5"},
    {file = "scikit_learn-1.1.3-cp311-cp311-macosx_12_0_arm64.whl", hash = "sha256:2ee2c649f2231b68511aabb0dc827edd8936aad682acc6263c34aed11bc95dac"},
    {file = "scikit_learn-1.1.3-cp311-cp311-manylinux_2_17_aarch64.manylinux2014_aarch64.whl", hash = "sha256:6d1c1394e38a3319ace620381f6f23cc807d8780e9915c152449a86fc8f1db21"},
    {file = "scikit_learn-1.1.3-cp311-cp311-manylinux_2_17_x86_64.manylinux2014_x86_64.whl", hash = "sha256:250da993701da88bf475e7c5746abf1285ea0ae47e4d0917cd13afd6600bb162"},
    {file = "scikit_learn-1.1.3-cp311-cp311-win_amd64.whl", hash = "sha256:fd3ee69d36d42a7dcbb17e355a5653af5fd241a7dfd9133080b3dde8d9e2aafb"},
    {file = "scikit_learn-1.1.3-cp38-cp38-macosx_10_9_x86_64.whl", hash = "sha256:f5644663987ee221f5d1f47a593271b966c271c236fe05634e6bdc06041b5a2b"},
    {file = "scikit_learn-1.1.3-cp38-cp38-macosx_12_0_arm64.whl", hash = "sha256:748f2bd632d6993e8918d43f1a26c380aeda4e122a88840d4c3a9af99d4239fe"},
    {file = "scikit_learn-1.1.3-cp38-cp38-manylinux_2_17_aarch64.manylinux2014_aarch64.whl", hash = "sha256:cd55c6fbef7608dbce1f22baf289dfcc6eb323247daa3c3542f73d389c724786"},
    {file = "scikit_learn-1.1.3-cp38-cp38-manylinux_2_17_x86_64.manylinux2014_x86_64.whl", hash = "sha256:38814f66285318f2e241305cca545eaa9b4126c65aa5dd78c69371f235f78e2b"},
    {file = "scikit_learn-1.1.3-cp38-cp38-win_amd64.whl", hash = "sha256:f4931f2a6c06e02c6c17a05f8ae397e2545965bc7a0a6cb38c8cd7d4fba8624d"},
    {file = "scikit_learn-1.1.3-cp39-cp39-macosx_10_9_x86_64.whl", hash = "sha256:6785b8a3093329bf90ac01801be5525551728ae73edb11baa175df660820add4"},
    {file = "scikit_learn-1.1.3-cp39-cp39-macosx_12_0_arm64.whl", hash = "sha256:28b2bd6a1419acd522ff45d282c8ba23dbccb5338802ab0ee12baa4ade0aba4c"},
    {file = "scikit_learn-1.1.3-cp39-cp39-manylinux_2_17_aarch64.manylinux2014_aarch64.whl", hash = "sha256:23fb9e74b813cc2528b5167d82ed08950b11106ccf50297161875e45152fb311"},
    {file = "scikit_learn-1.1.3-cp39-cp39-manylinux_2_17_x86_64.manylinux2014_x86_64.whl", hash = "sha256:f5d4231af7199531e77da1b78a4cc6b3d960a00b1ec672578ac818aae2b9c35d"},
    {file = "scikit_learn-1.1.3-cp39-cp39-win_amd64.whl", hash = "sha256:4d3a19166d4e1cdfcab975c68f471e046ce01e74c42a9a33fa89a14c2fcedf60"},
]
scipy = [
    {file = "scipy-1.9.3-cp310-cp310-macosx_10_9_x86_64.whl", hash = "sha256:1884b66a54887e21addf9c16fb588720a8309a57b2e258ae1c7986d4444d3bc0"},
    {file = "scipy-1.9.3-cp310-cp310-macosx_12_0_arm64.whl", hash = "sha256:83b89e9586c62e787f5012e8475fbb12185bafb996a03257e9675cd73d3736dd"},
    {file = "scipy-1.9.3-cp310-cp310-manylinux_2_17_aarch64.manylinux2014_aarch64.whl", hash = "sha256:1a72d885fa44247f92743fc20732ae55564ff2a519e8302fb7e18717c5355a8b"},
    {file = "scipy-1.9.3-cp310-cp310-manylinux_2_17_x86_64.manylinux2014_x86_64.whl", hash = "sha256:d01e1dd7b15bd2449c8bfc6b7cc67d630700ed655654f0dfcf121600bad205c9"},
    {file = "scipy-1.9.3-cp310-cp310-win_amd64.whl", hash = "sha256:68239b6aa6f9c593da8be1509a05cb7f9efe98b80f43a5861cd24c7557e98523"},
    {file = "scipy-1.9.3-cp311-cp311-macosx_10_9_x86_64.whl", hash = "sha256:b41bc822679ad1c9a5f023bc93f6d0543129ca0f37c1ce294dd9d386f0a21096"},
    {file = "scipy-1.9.3-cp311-cp311-macosx_12_0_arm64.whl", hash = "sha256:90453d2b93ea82a9f434e4e1cba043e779ff67b92f7a0e85d05d286a3625df3c"},
    {file = "scipy-1.9.3-cp311-cp311-manylinux_2_17_aarch64.manylinux2014_aarch64.whl", hash = "sha256:83c06e62a390a9167da60bedd4575a14c1f58ca9dfde59830fc42e5197283dab"},
    {file = "scipy-1.9.3-cp311-cp311-manylinux_2_17_x86_64.manylinux2014_x86_64.whl", hash = "sha256:abaf921531b5aeaafced90157db505e10345e45038c39e5d9b6c7922d68085cb"},
    {file = "scipy-1.9.3-cp311-cp311-win_amd64.whl", hash = "sha256:06d2e1b4c491dc7d8eacea139a1b0b295f74e1a1a0f704c375028f8320d16e31"},
    {file = "scipy-1.9.3-cp38-cp38-macosx_10_9_x86_64.whl", hash = "sha256:5a04cd7d0d3eff6ea4719371cbc44df31411862b9646db617c99718ff68d4840"},
    {file = "scipy-1.9.3-cp38-cp38-macosx_12_0_arm64.whl", hash = "sha256:545c83ffb518094d8c9d83cce216c0c32f8c04aaf28b92cc8283eda0685162d5"},
    {file = "scipy-1.9.3-cp38-cp38-manylinux_2_17_aarch64.manylinux2014_aarch64.whl", hash = "sha256:0d54222d7a3ba6022fdf5773931b5d7c56efe41ede7f7128c7b1637700409108"},
    {file = "scipy-1.9.3-cp38-cp38-manylinux_2_17_x86_64.manylinux2014_x86_64.whl", hash = "sha256:cff3a5295234037e39500d35316a4c5794739433528310e117b8a9a0c76d20fc"},
    {file = "scipy-1.9.3-cp38-cp38-win_amd64.whl", hash = "sha256:2318bef588acc7a574f5bfdff9c172d0b1bf2c8143d9582e05f878e580a3781e"},
    {file = "scipy-1.9.3-cp39-cp39-macosx_10_9_x86_64.whl", hash = "sha256:d644a64e174c16cb4b2e41dfea6af722053e83d066da7343f333a54dae9bc31c"},
    {file = "scipy-1.9.3-cp39-cp39-macosx_12_0_arm64.whl", hash = "sha256:da8245491d73ed0a994ed9c2e380fd058ce2fa8a18da204681f2fe1f57f98f95"},
    {file = "scipy-1.9.3-cp39-cp39-manylinux_2_17_aarch64.manylinux2014_aarch64.whl", hash = "sha256:4db5b30849606a95dcf519763dd3ab6fe9bd91df49eba517359e450a7d80ce2e"},
    {file = "scipy-1.9.3-cp39-cp39-manylinux_2_17_x86_64.manylinux2014_x86_64.whl", hash = "sha256:c68db6b290cbd4049012990d7fe71a2abd9ffbe82c0056ebe0f01df8be5436b0"},
    {file = "scipy-1.9.3-cp39-cp39-win_amd64.whl", hash = "sha256:5b88e6d91ad9d59478fafe92a7c757d00c59e3bdc3331be8ada76a4f8d683f58"},
    {file = "scipy-1.9.3.tar.gz", hash = "sha256:fbc5c05c85c1a02be77b1ff591087c83bc44579c6d2bd9fb798bb64ea5e1a027"},
]
smart-open = [
    {file = "smart_open-6.2.0-py3-none-any.whl", hash = "sha256:088bf00f9327c71e549bc2f86567d3320df5d89667f009ce1c16568976068ef7"},
    {file = "smart_open-6.2.0.tar.gz", hash = "sha256:1b4df5c8365218f3852c507451920ccad606c80b0acb4e67508e50ba9b5d2632"},
]
threadpoolctl = [
    {file = "threadpoolctl-3.1.0-py3-none-any.whl", hash = "sha256:8b99adda265feb6773280df41eece7b2e6561b772d21ffd52e372f999024907b"},
    {file = "threadpoolctl-3.1.0.tar.gz", hash = "sha256:a335baacfaa4400ae1f0d8e3a58d6674d2f8828e3716bb2802c44955ad391380"},
]
